
Microsoft Visual Studio Solution File, Format Version 12.00
# Visual Studio Version 17
VisualStudioVersion = 17.8.34330.188
MinimumVisualStudioVersion = 10.0.40219.1
Project("{FAE04EC0-301F-11D3-BF4B-00C04F79EFBC}") = "Fresh Market", "Fresh Market\Fresh Market.csproj", "{01634FC5-A0D5-46EE-B4F8-1CC38BBC8F6B}"
EndProject
Project("{FAE04EC0-301F-11D3-BF4B-00C04F79EFBC}") = "FreshMarket.Domain", "FreshMarket.Domain\FreshMarket.Domain.csproj", "{597B704E-5418-421D-B7C4-459977AA346A}"
EndProject
Project("{FAE04EC0-301F-11D3-BF4B-00C04F79EFBC}") = "FreshMarket.Infrastructure", "FreshMarket.Infrastructure\FreshMarket.Infrastructure.csproj", "{36E2B124-ABD9-4DB2-A470-C21EFBEF2DF4}"
EndProject
Project("{FAE04EC0-301F-11D3-BF4B-00C04F79EFBC}") = "FreshMarket.Service", "FreshMarket.Service\FreshMarket.Service.csproj", "{5A1C225B-893C-40D6-B512-D2742E84E2DA}"
EndProject
Global
	GlobalSection(SolutionConfigurationPlatforms) = preSolution
		Debug|Any CPU = Debug|Any CPU
		Release|Any CPU = Release|Any CPU
	EndGlobalSection
	GlobalSection(ProjectConfigurationPlatforms) = postSolution
		{01634FC5-A0D5-46EE-B4F8-1CC38BBC8F6B}.Debug|Any CPU.ActiveCfg = Debug|Any CPU
		{01634FC5-A0D5-46EE-B4F8-1CC38BBC8F6B}.Debug|Any CPU.Build.0 = Debug|Any CPU
		{01634FC5-A0D5-46EE-B4F8-1CC38BBC8F6B}.Release|Any CPU.ActiveCfg = Release|Any CPU
		{01634FC5-A0D5-46EE-B4F8-1CC38BBC8F6B}.Release|Any CPU.Build.0 = Release|Any CPU
		{597B704E-5418-421D-B7C4-459977AA346A}.Debug|Any CPU.ActiveCfg = Debug|Any CPU
		{597B704E-5418-421D-B7C4-459977AA346A}.Debug|Any CPU.Build.0 = Debug|Any CPU
		{597B704E-5418-421D-B7C4-459977AA346A}.Release|Any CPU.ActiveCfg = Release|Any CPU
		{597B704E-5418-421D-B7C4-459977AA346A}.Release|Any CPU.Build.0 = Release|Any CPU
		{36E2B124-ABD9-4DB2-A470-C21EFBEF2DF4}.Debug|Any CPU.ActiveCfg = Debug|Any CPU
		{36E2B124-ABD9-4DB2-A470-C21EFBEF2DF4}.Debug|Any CPU.Build.0 = Debug|Any CPU
		{36E2B124-ABD9-4DB2-A470-C21EFBEF2DF4}.Release|Any CPU.ActiveCfg = Release|Any CPU
		{36E2B124-ABD9-4DB2-A470-C21EFBEF2DF4}.Release|Any CPU.Build.0 = Release|Any CPU
		{5A1C225B-893C-40D6-B512-D2742E84E2DA}.Debug|Any CPU.ActiveCfg = Debug|Any CPU
		{5A1C225B-893C-40D6-B512-D2742E84E2DA}.Debug|Any CPU.Build.0 = Debug|Any CPU
		{5A1C225B-893C-40D6-B512-D2742E84E2DA}.Release|Any CPU.ActiveCfg = Release|Any CPU
		{5A1C225B-893C-40D6-B512-D2742E84E2DA}.Release|Any CPU.Build.0 = Release|Any CPU
	EndGlobalSection
	GlobalSection(SolutionProperties) = preSolution
		HideSolutionNode = FALSE
	EndGlobalSection
	GlobalSection(ExtensibilityGlobals) = postSolution
		SolutionGuid = {03265136-CED3-4201-B025-991C2A8541C7}
	EndGlobalSection
EndGlobal
